
Microsoft Visual Studio Solution File, Format Version 12.00
# Visual Studio Version 17
VisualStudioVersion = 17.5.33627.172
MinimumVisualStudioVersion = 10.0.40219.1
Project("{FAE04EC0-301F-11D3-BF4B-00C04F79EFBC}") = "WimDesktop", "WimDesktop\WimDesktop.csproj", "{E30BDFA5-1D8D-462C-82E0-D8E6DFA8FFDA}"
EndProject
Global
	GlobalSection(SolutionConfigurationPlatforms) = preSolution
		Debug|Any CPU = Debug|Any CPU
		Debug|x86 = Debug|x86
		Release|Any CPU = Release|Any CPU
		Release|x86 = Release|x86
	EndGlobalSection
	GlobalSection(ProjectConfigurationPlatforms) = postSolution
		{E30BDFA5-1D8D-462C-82E0-D8E6DFA8FFDA}.Debug|Any CPU.ActiveCfg = Debug|Any CPU
		{E30BDFA5-1D8D-462C-82E0-D8E6DFA8FFDA}.Debug|Any CPU.Build.0 = Debug|Any CPU
		{E30BDFA5-1D8D-462C-82E0-D8E6DFA8FFDA}.Debug|x86.ActiveCfg = Debug|x86
		{E30BDFA5-1D8D-462C-82E0-D8E6DFA8FFDA}.Debug|x86.Build.0 = Debug|x86
		{E30BDFA5-1D8D-462C-82E0-D8E6DFA8FFDA}.Release|Any CPU.ActiveCfg = Release|Any CPU
		{E30BDFA5-1D8D-462C-82E0-D8E6DFA8FFDA}.Release|Any CPU.Build.0 = Release|Any CPU
		{E30BDFA5-1D8D-462C-82E0-D8E6DFA8FFDA}.Release|x86.ActiveCfg = Release|x86
		{E30BDFA5-1D8D-462C-82E0-D8E6DFA8FFDA}.Release|x86.Build.0 = Release|x86
	EndGlobalSection
	GlobalSection(SolutionProperties) = preSolution
		HideSolutionNode = FALSE
	EndGlobalSection
	GlobalSection(ExtensibilityGlobals) = postSolution
		SolutionGuid = {6D32AFF8-CF60-40DE-808F-C1F5E3A69593}
	EndGlobalSection
EndGlobal
